{
    "name": "datatables.net-fixedcolumns-bs5",
    "version": "4.3.1",
    "lockfileVersion": 3,
    "requires": true,
    "packages": {
        "": {
            "name": "datatables.net-fixedcolumns-bs5",
            "version": "4.3.1",
            "license": "MIT",
            "dependencies": {
                "datatables.net-bs5": "^1.13.0",
                "datatables.net-fixedcolumns": "4.3.1",
                "datatables.net-fixedcolumns-bs5": "file:",
                "jquery": ">=1.7"
            }
        },
        "node_modules/datatables.net": {
            "version": "1.13.11",
            "resolved": "https://registry.npmjs.org/datatables.net/-/datatables.net-1.13.11.tgz",
            "integrity": "sha512-AE6RkMXziRaqzPcu/pl3SJXeRa6fmXQG/fVjuRESujvkzqDCYEeKTTpPMuVJSGYJpPi32WGSphVNNY1G4nSN/g==",
            "dependencies": {
                "jquery": "1.8 - 4"
            }
        },
        "node_modules/datatables.net-bs5": {
            "version": "1.13.11",
            "resolved": "https://registry.npmjs.org/datatables.net-bs5/-/datatables.net-bs5-1.13.11.tgz",
            "integrity": "sha512-NQO15TjXo4xvZ0jReC4Uf86ezbQzPQPdaN2YncrCPhzQ6fx+2WD7DUq4ur0HbAcYHo94/M+MtD5Ch29To7Rj3Q==",
            "dependencies": {
                "datatables.net": "1.13.11",
                "jquery": "1.8 - 4"
            }
        },
        "node_modules/datatables.net-fixedcolumns": {
            "version": "4.3.1",
            "resolved": "https://registry.npmjs.org/datatables.net-fixedcolumns/-/datatables.net-fixedcolumns-4.3.1.tgz",
            "integrity": "sha512-K5hEr5PIIHFMLd2sR9CBw3RRhf0nJbbsc5NHWnfjUUtnr9d808xbifuej3TpdKOtGeRJgAnRktiL9f30sM32CQ==",
            "dependencies": {
                "datatables.net": "^1.13.0",
                "jquery": ">=1.7"
            }
        },
        "node_modules/datatables.net-fixedcolumns-bs5": {
            "resolved": "",
            "link": true
        },
        "node_modules/jquery": {
            "version": "3.7.1",
            "resolved": "https://registry.npmjs.org/jquery/-/jquery-3.7.1.tgz",
            "integrity": "sha512-m4avr8yL8kmFN8psrbFFFmB/If14iN5o9nw/NgnnM+kybDJpRsAynV2BsfpTYrTRysYUdADVD7CkUUizgkpLfg=="
        }
    }
}
