{
  "name": "bootstrap-filestyle2",
  "version": "2.1.0",
  "lockfileVersion": 3,
  "requires": true,
  "packages": {
    "": {
      "name": "bootstrap-filestyle2",
      "version": "2.1.0",
      "license": "MIT",
      "dependencies": {
        "bootstrap-filestyle2": "file:"
      }
    },
    "node_modules/bootstrap-filestyle2": {
      "resolved": "",
      "link": true
    }
  }
}
