{
  "name": "twitter-bootstrap-wizard",
  "version": "1.2.0",
  "lockfileVersion": 3,
  "requires": true,
  "packages": {
    "": {
      "name": "twitter-bootstrap-wizard",
      "version": "1.2.0",
      "license": "MIT",
      "dependencies": {
        "twitter-bootstrap-wizard": "file:"
      }
    },
    "node_modules/twitter-bootstrap-wizard": {
      "resolved": "",
      "link": true
    }
  }
}
